NeoBundleLock ag.vim b06f5f27cc8cdc6c11c4a15729ea64f189b0c2ab
NeoBundleLock cocoa.vim b06f5f27cc8cdc6c11c4a15729ea64f189b0c2ab
NeoBundleLock ctrlp.vim b06f5f27cc8cdc6c11c4a15729ea64f189b0c2ab
NeoBundleLock neobundle.vim 0c31437b58831efa20a9623e78be25a90df8c8c8
NeoBundleLock neocomplcache b06f5f27cc8cdc6c11c4a15729ea64f189b0c2ab
NeoBundleLock neosnippet-snippets b06f5f27cc8cdc6c11c4a15729ea64f189b0c2ab
NeoBundleLock neosnippet.vim b06f5f27cc8cdc6c11c4a15729ea64f189b0c2ab
NeoBundleLock unite.vim b06f5f27cc8cdc6c11c4a15729ea64f189b0c2ab
NeoBundleLock vim-colorschemes b06f5f27cc8cdc6c11c4a15729ea64f189b0c2ab
NeoBundleLock vim-fugitive b06f5f27cc8cdc6c11c4a15729ea64f189b0c2ab
NeoBundleLock vim-qfreplace b06f5f27cc8cdc6c11c4a15729ea64f189b0c2ab
NeoBundleLock vim-surround b06f5f27cc8cdc6c11c4a15729ea64f189b0c2ab
NeoBundleLock vim-twig b06f5f27cc8cdc6c11c4a15729ea64f189b0c2ab
NeoBundleLock vimfiler b06f5f27cc8cdc6c11c4a15729ea64f189b0c2ab
NeoBundleLock vimproc.vim b06f5f27cc8cdc6c11c4a15729ea64f189b0c2ab
NeoBundleLock vimshell b06f5f27cc8cdc6c11c4a15729ea64f189b0c2ab
