NeoBundleLock ag.vim 6600953fc7c85ca43216abf4765118994bf0cc5f
NeoBundleLock clang_complete 8e734335c354a27068e034253645a14fbef31d6a
NeoBundleLock clang_complete-getopts-ios 7f15c776a2ed845b5d9f640b032037c3da93384c
NeoBundleLock cocoa.vim 8ee2cc29a162e470fe90af195178c243f8565fea
NeoBundleLock ctrlp.vim 7a80267ed061f3dc30bb319f438bdadfd8c7b1fd
NeoBundleLock neobundle.vim 0c31437b58831efa20a9623e78be25a90df8c8c8
NeoBundleLock neocomplcache 778181767467b8f8016828898779a646074d883a
NeoBundleLock neosnippet-snippets ec9267240ecb855657de830c9c68e5f6e34cfe65
NeoBundleLock neosnippet.vim 44b129aa21df9e80014ffbb06a3f615e18559389
NeoBundleLock unite.vim aefd6c32ef8dc5b357efe7d8e5cd3dd4aa785d5c
NeoBundleLock vim-colorschemes 28a989b28457e38df620e4c7ab23e224aff70efe
NeoBundleLock vim-fugitive 207c643ea46860c84dad5c5ba7033779c15a7b96
NeoBundleLock vim-qfreplace 89e64ae24fb4b8e2402ba6d84971c06606f4adf4
NeoBundleLock vim-surround 2d05440ad23f97a7874ebd9b5de3a0e65d25d85c
NeoBundleLock vim-twig 4e8e678f0f46bd75db4530fbe1ec05dd941764da
NeoBundleLock vimfiler 314f4166ed4826c8f6fc4eb7e2c75499a122aff3
NeoBundleLock vimproc.vim f96e476e41ab4cdb9c37242c8cf76f1e5aa5b91d
NeoBundleLock vimshell 3787e52766812d8b99a93ccdda57517bc2a0bab6
