NeoBundleLock clang_complete 8e734335c354a27068e034253645a14fbef31d6a
NeoBundleLock clang_complete-getopts-ios 7f15c776a2ed845b5d9f640b032037c3da93384c
NeoBundleLock cocoa.vim 8ee2cc29a162e470fe90af195178c243f8565fea
NeoBundleLock ctrlp.vim f8fd9793503b06b2b5f7efe372955322fc4727cd
NeoBundleLock neobundle.vim e4e6766e7bbcac9b7048ee247f02af9020b9df29
NeoBundleLock neocomplcache d83bcbd0b142eb8de9d669ead26914cd7322a51c
NeoBundleLock neosnippet-snippets 4b15c7312dbbd2afc5178fd0b7ac017e96d54e6d
NeoBundleLock neosnippet.vim 811176b29b1a60a164c9878f8dcbe4a680ee32e5
NeoBundleLock unite.vim c4d2ea6bb4d4ded2799134ea994ce04bb5e89a18
NeoBundleLock vim-colorschemes 81c6dd7ce3169e5ad9ba92422ba6e1ce5b074e36
NeoBundleLock vim-fugitive 2c8461db084d205903a792a23163faa546f143c9
NeoBundleLock vimshell 3787e52766812d8b99a93ccdda57517bc2a0bab6
